// !$*UTF8*$!
{
	archiveVersion = 1;
	classes = {
	};
	objectVersion = 77;
	objects = {

/* Begin PBXBuildFile section */
		1A111A112222333344445556 /* Museum.swift in Sources */ = {isa = PBXBuildFile; fileRef = 1A111A112222333344445555 /* Museum.swift */; };
		2B222B222222333344445556 /* ProvinceLocation.swift in Sources */ = {isa = PBXBuildFile; fileRef = 2B222B222222333344445555 /* ProvinceLocation.swift */; };
		695AC97435B215F48B32F9E6 /* NusaLensWatchApp.swift in Sources */ = {isa = PBXBuildFile; fileRef = 1BCA9D80E349B87AEF95E0EB /* NusaLensWatchApp.swift */; };
		6E8AB56B7BF92817E8408C7B /* FirebaseFirestore in Frameworks */ = {isa = PBXBuildFile; productRef = 1A54F3533F477F2CD4734DEC /* FirebaseFirestore */; };
		9835FDA087EE1B509E9C2D9A /* FirebaseAuth in Frameworks */ = {isa = PBXBuildFile; productRef = 0AD116E2643E8D09C27A0F56 /* FirebaseAuth */; };
		9E19AA08F9566766D5C43193 /* FirebaseStorage in Frameworks */ = {isa = PBXBuildFile; productRef = 833B5DC878BDA6904D2EEE7F /* FirebaseStorage */; };
		B28B2936048E89D72943523F /* Budaya.swift in Sources */ = {isa = PBXBuildFile; fileRef = 89153A91A5A57739FD583A49 /* Budaya.swift */; };
		C54AAAFF71A1DED40198E828 /* Trivia.swift in Sources */ = {isa = PBXBuildFile; fileRef = 0FE90E099DDE04DB7890EDAD /* Trivia.swift */; };
		C6F6E6112D5E1A66F62DE559 /* FirebaseCore in Frameworks */ = {isa = PBXBuildFile; productRef = 359EF3D20636042F3533ABE3 /* FirebaseCore */; };
		CF997EEB3C2FD71555F3A66E /* FirebaseStorage in Frameworks */ = {isa = PBXBuildFile; productRef = 7C32204C59D302D76303CCEE /* FirebaseStorage */; };
		D0C616643D3BA0BC327FDA1C /* FirebaseCore in Frameworks */ = {isa = PBXBuildFile; productRef = B33C0216E073CFB26E93D0AE /* FirebaseCore */; };
		D212D12F22D9E428F4624C73 /* TriviaService.swift in Sources */ = {isa = PBXBuildFile; fileRef = FEC22483954C99D10DEDF0DB /* TriviaService.swift */; };
		DFA99283E852EC321D9E3BCE /* FirebaseAuth in Frameworks */ = {isa = PBXBuildFile; productRef = B67D43C6529D433438B3242C /* FirebaseAuth */; };
		E4233A8334C983E9166E139E /* Foundation.framework in Frameworks */ = {isa = PBXBuildFile; fileRef = C5D0D1F92EA853E516D768E4 /* Foundation.framework */; };
		EE81994978BBE1F4D2AC9B7D /* FirebaseFirestore in Frameworks */ = {isa = PBXBuildFile; productRef = 60C52A44DF659888E7D48AF8 /* FirebaseFirestore */; };
		F0A036E38191749FB0C1CF7B /* CultureService.swift in Sources */ = {isa = PBXBuildFile; fileRef = DC7E00370E76256116226895 /* CultureService.swift */; };
		FC43C0854C7470D62FB06B87 /* WatchDailyTriviaView.swift in Sources */ = {isa = PBXBuildFile; fileRef = 496D8DF54F217A865FF18844 /* WatchDailyTriviaView.swift */; };
/* End PBXBuildFile section */

/* Begin PBXContainerItemProxy section */
		3FD46DB52FC032EE00852A93 /* PBXContainerItemProxy */ = {
			isa = PBXContainerItemProxy;
			containerPortal = 3FD46D9F2FC032EC00852A93 /* Project object */;
			proxyType = 1;
			remoteGlobalIDString = 3FD46DA62FC032EC00852A93;
			remoteInfo = NusaLens;
		};
		3FD46DBF2FC032EE00852A93 /* PBXContainerItemProxy */ = {
			isa = PBXContainerItemProxy;
			containerPortal = 3FD46D9F2FC032EC00852A93 /* Project object */;
			proxyType = 1;
			remoteGlobalIDString = 3FD46DA62FC032EC00852A93;
			remoteInfo = NusaLens;
		};
/* End PBXContainerItemProxy section */

/* Begin PBXFileReference section */
		1A111A112222333344445555 /* Museum.swift */ = {isa = PBXFileReference; includeInIndex = 1; lastKnownFileType = sourcecode.swift; name = Museum.swift; path = ../NusaLens/Models/Museum.swift; sourceTree = "<group>"; };
		2B222B222222333344445555 /* ProvinceLocation.swift */ = {isa = PBXFileReference; includeInIndex = 1; lastKnownFileType = sourcecode.swift; name = ProvinceLocation.swift; path = ../NusaLens/Models/ProvinceLocation.swift; sourceTree = "<group>"; };
		0FE90E099DDE04DB7890EDAD /* Trivia.swift */ = {isa = PBXFileReference; includeInIndex = 1; lastKnownFileType = sourcecode.swift; name = Trivia.swift; path = ../NusaLens/Models/Trivia.swift; sourceTree = "<group>"; };
		1BCA9D80E349B87AEF95E0EB /* NusaLensWatchApp.swift */ = {isa = PBXFileReference; includeInIndex = 1; lastKnownFileType = sourcecode.swift; path = NusaLensWatchApp.swift; sourceTree = "<group>"; };
		3FD46DA72FC032EC00852A93 /* NusaLens.app */ = {isa = PBXFileReference; explicitFileType = wrapper.application; includeInIndex = 0; path = NusaLens.app; sourceTree = BUILT_PRODUCTS_DIR; };
		3FD46DB42FC032EE00852A93 /* NusaLensTests.xctest */ = {isa = PBXFileReference; explicitFileType = wrapper.cfbundle; includeInIndex = 0; path = NusaLensTests.xctest; sourceTree = BUILT_PRODUCTS_DIR; };
		3FD46DBE2FC032EE00852A93 /* NusaLensUITests.xctest */ = {isa = PBXFileReference; explicitFileType = wrapper.cfbundle; includeInIndex = 0; path = NusaLensUITests.xctest; sourceTree = BUILT_PRODUCTS_DIR; };
		496D8DF54F217A865FF18844 /* WatchDailyTriviaView.swift */ = {isa = PBXFileReference; includeInIndex = 1; lastKnownFileType = sourcecode.swift; path = WatchDailyTriviaView.swift; sourceTree = "<group>"; };
		5E7CDA6E664471D0FB3B7AA3 /* NusaLensWatch.app */ = {isa = PBXFileReference; explicitFileType = wrapper.application; includeInIndex = 0; path = NusaLensWatch.app; sourceTree = BUILT_PRODUCTS_DIR; };
		89153A91A5A57739FD583A49 /* Budaya.swift */ = {isa = PBXFileReference; includeInIndex = 1; lastKnownFileType = sourcecode.swift; name = Budaya.swift; path = ../NusaLens/Models/Budaya.swift; sourceTree = "<group>"; };
		C5D0D1F92EA853E516D768E4 /* Foundation.framework */ = {isa = PBXFileReference; lastKnownFileType = wrapper.framework; name = Foundation.framework; path = Platforms/WatchOS.platform/Developer/SDKs/WatchOS11.0.sdk/System/Library/Frameworks/Foundation.framework; sourceTree = DEVELOPER_DIR; };
		DC7E00370E76256116226895 /* CultureService.swift */ = {isa = PBXFileReference; includeInIndex = 1; lastKnownFileType = sourcecode.swift; name = CultureService.swift; path = ../NusaLens/Services/CultureService.swift; sourceTree = "<group>"; };
		FEC22483954C99D10DEDF0DB /* TriviaService.swift */ = {isa = PBXFileReference; includeInIndex = 1; lastKnownFileType = sourcecode.swift; name = TriviaService.swift; path = ../NusaLens/Services/TriviaService.swift; sourceTree = "<group>"; };
/* End PBXFileReference section */

/* Begin PBXFileSystemSynchronizedRootGroup section */
		3FD46DA92FC032EC00852A93 /* NusaLens */ = {
			isa = PBXFileSystemSynchronizedRootGroup;
			path = NusaLens;
			sourceTree = "<group>";
		};
		3FD46DB72FC032EE00852A93 /* NusaLensTests */ = {
			isa = PBXFileSystemSynchronizedRootGroup;
			path = NusaLensTests;
			sourceTree = "<group>";
		};
		3FD46DC12FC032EE00852A93 /* NusaLensUITests */ = {
			isa = PBXFileSystemSynchronizedRootGroup;
			path = NusaLensUITests;
			sourceTree = "<group>";
		};
/* End PBXFileSystemSynchronizedRootGroup section */

/* Begin PBXFrameworksBuildPhase section */
		35A85AD51E3F725FC5901360 /* Frameworks */ = {
			isa = PBXFrameworksBuildPhase;
			buildActionMask = 2147483647;
			files = (
				E4233A8334C983E9166E139E /* Foundation.framework in Frameworks */,
			);
			runOnlyForDeploymentPostprocessing = 0;
		};
		3FD46DA42FC032EC00852A93 /* Frameworks */ = {
			isa = PBXFrameworksBuildPhase;
			buildActionMask = 2147483647;
			files = (
				C6F6E6112D5E1A66F62DE559 /* FirebaseCore in Frameworks */,
				6E8AB56B7BF92817E8408C7B /* FirebaseFirestore in Frameworks */,
				9835FDA087EE1B509E9C2D9A /* FirebaseAuth in Frameworks */,
				CF997EEB3C2FD71555F3A66E /* FirebaseStorage in Frameworks */,
			);
			runOnlyForDeploymentPostprocessing = 0;
		};
		3FD46DB12FC032EE00852A93 /* Frameworks */ = {
			isa = PBXFrameworksBuildPhase;
			buildActionMask = 2147483647;
			files = (
			);
			runOnlyForDeploymentPostprocessing = 0;
		};
		3FD46DBB2FC032EE00852A93 /* Frameworks */ = {
			isa = PBXFrameworksBuildPhase;
			buildActionMask = 2147483647;
			files = (
				D0C616643D3BA0BC327FDA1C /* FirebaseCore in Frameworks */,
				EE81994978BBE1F4D2AC9B7D /* FirebaseFirestore in Frameworks */,
				DFA99283E852EC321D9E3BCE /* FirebaseAuth in Frameworks */,
				9E19AA08F9566766D5C43193 /* FirebaseStorage in Frameworks */,
			);
			runOnlyForDeploymentPostprocessing = 0;
		};
/* End PBXFrameworksBuildPhase section */

/* Begin PBXGroup section */
		21541CB7F4D7DC3B3D616922 /* NusaLensWatch */ = {
			isa = PBXGroup;
			children = (
				1BCA9D80E349B87AEF95E0EB /* NusaLensWatchApp.swift */,
				496D8DF54F217A865FF18844 /* WatchDailyTriviaView.swift */,
				89153A91A5A57739FD583A49 /* Budaya.swift */,
				0FE90E099DDE04DB7890EDAD /* Trivia.swift */,
				DC7E00370E76256116226895 /* CultureService.swift */,
				FEC22483954C99D10DEDF0DB /* TriviaService.swift */,
							1A111A112222333344445555 /* Museum.swift */,
				2B222B222222333344445555 /* ProvinceLocation.swift */,
			);
			path = NusaLensWatch;
			sourceTree = "<group>";
		};
		3FD46D9E2FC032EC00852A93 = {
			isa = PBXGroup;
			children = (
				3FD46DA92FC032EC00852A93 /* NusaLens */,
				3FD46DB72FC032EE00852A93 /* NusaLensTests */,
				3FD46DC12FC032EE00852A93 /* NusaLensUITests */,
				3FD46DA82FC032EC00852A93 /* Products */,
				AFAE77EB88E0A91EF73CCCD1 /* Frameworks */,
				21541CB7F4D7DC3B3D616922 /* NusaLensWatch */,
			);
			sourceTree = "<group>";
		};
		3FD46DA82FC032EC00852A93 /* Products */ = {
			isa = PBXGroup;
			children = (
				3FD46DA72FC032EC00852A93 /* NusaLens.app */,
				3FD46DB42FC032EE00852A93 /* NusaLensTests.xctest */,
				3FD46DBE2FC032EE00852A93 /* NusaLensUITests.xctest */,
				5E7CDA6E664471D0FB3B7AA3 /* NusaLensWatch.app */,
			);
			name = Products;
			sourceTree = "<group>";
		};
		AFAE77EB88E0A91EF73CCCD1 /* Frameworks */ = {
			isa = PBXGroup;
			children = (
				CF9DC8B534C38C86BB97A404 /* watchOS */,
			);
			name = Frameworks;
			sourceTree = "<group>";
		};
		CF9DC8B534C38C86BB97A404 /* watchOS */ = {
			isa = PBXGroup;
			children = (
				C5D0D1F92EA853E516D768E4 /* Foundation.framework */,
			);
			name = watchOS;
			sourceTree = "<group>";
		};
/* End PBXGroup section */

/* Begin PBXNativeTarget section */
		3FD46DA62FC032EC00852A93 /* NusaLens */ = {
			isa = PBXNativeTarget;
			buildConfigurationList = 3FD46DC82FC032EE00852A93 /* Build configuration list for PBXNativeTarget "NusaLens" */;
			buildPhases = (
				3FD46DA32FC032EC00852A93 /* Sources */,
				3FD46DA42FC032EC00852A93 /* Frameworks */,
				3FD46DA52FC032EC00852A93 /* Resources */,
			);
			buildRules = (
			);
			dependencies = (
			);
			fileSystemSynchronizedGroups = (
				3FD46DA92FC032EC00852A93 /* NusaLens */,
			);
			name = NusaLens;
			packageProductDependencies = (
				359EF3D20636042F3533ABE3 /* FirebaseCore */,
				1A54F3533F477F2CD4734DEC /* FirebaseFirestore */,
				0AD116E2643E8D09C27A0F56 /* FirebaseAuth */,
				7C32204C59D302D76303CCEE /* FirebaseStorage */,
			);
			productName = NusaLens;
			productReference = 3FD46DA72FC032EC00852A93 /* NusaLens.app */;
			productType = "com.apple.product-type.application";
		};
		3FD46DB32FC032EE00852A93 /* NusaLensTests */ = {
			isa = PBXNativeTarget;
			buildConfigurationList = 3FD46DCB2FC032EE00852A93 /* Build configuration list for PBXNativeTarget "NusaLensTests" */;
			buildPhases = (
				3FD46DB02FC032EE00852A93 /* Sources */,
				3FD46DB12FC032EE00852A93 /* Frameworks */,
				3FD46DB22FC032EE00852A93 /* Resources */,
			);
			buildRules = (
			);
			dependencies = (
				3FD46DB62FC032EE00852A93 /* PBXTargetDependency */,
			);
			fileSystemSynchronizedGroups = (
				3FD46DB72FC032EE00852A93 /* NusaLensTests */,
			);
			name = NusaLensTests;
			productName = NusaLensTests;
			productReference = 3FD46DB42FC032EE00852A93 /* NusaLensTests.xctest */;
			productType = "com.apple.product-type.bundle.unit-test";
		};
		3FD46DBD2FC032EE00852A93 /* NusaLensUITests */ = {
			isa = PBXNativeTarget;
			buildConfigurationList = 3FD46DCE2FC032EE00852A93 /* Build configuration list for PBXNativeTarget "NusaLensUITests" */;
			buildPhases = (
				3FD46DBA2FC032EE00852A93 /* Sources */,
				3FD46DBB2FC032EE00852A93 /* Frameworks */,
				3FD46DBC2FC032EE00852A93 /* Resources */,
			);
			buildRules = (
			);
			dependencies = (
				3FD46DC02FC032EE00852A93 /* PBXTargetDependency */,
			);
			fileSystemSynchronizedGroups = (
				3FD46DC12FC032EE00852A93 /* NusaLensUITests */,
			);
			name = NusaLensUITests;
			packageProductDependencies = (
				B33C0216E073CFB26E93D0AE /* FirebaseCore */,
				60C52A44DF659888E7D48AF8 /* FirebaseFirestore */,
				B67D43C6529D433438B3242C /* FirebaseAuth */,
				833B5DC878BDA6904D2EEE7F /* FirebaseStorage */,
			);
			productName = NusaLensUITests;
			productReference = 3FD46DBE2FC032EE00852A93 /* NusaLensUITests.xctest */;
			productType = "com.apple.product-type.bundle.ui-testing";
		};
		87E3DC505FEA51D1668D3B2B /* NusaLensWatch */ = {
			isa = PBXNativeTarget;
			buildConfigurationList = 2323B291EF67EDB8D147E28D /* Build configuration list for PBXNativeTarget "NusaLensWatch" */;
			buildPhases = (
				34AA50B92FBB846719613C57 /* Sources */,
				35A85AD51E3F725FC5901360 /* Frameworks */,
				96E7E91A904190937F4241A8 /* Resources */,
			);
			buildRules = (
			);
			dependencies = (
			);
			name = NusaLensWatch;
			productName = NusaLensWatch;
			productReference = 5E7CDA6E664471D0FB3B7AA3 /* NusaLensWatch.app */;
			productType = "com.apple.product-type.application";
		};
/* End PBXNativeTarget section */

/* Begin PBXProject section */
		3FD46D9F2FC032EC00852A93 /* Project object */ = {
			isa = PBXProject;
			attributes = {
				BuildIndependentTargetsInParallel = 1;
				LastSwiftUpdateCheck = 2650;
				LastUpgradeCheck = 2650;
				TargetAttributes = {
					3FD46DA62FC032EC00852A93 = {
						CreatedOnToolsVersion = 26.5;
					};
					3FD46DB32FC032EE00852A93 = {
						CreatedOnToolsVersion = 26.5;
						TestTargetID = 3FD46DA62FC032EC00852A93;
					};
					3FD46DBD2FC032EE00852A93 = {
						CreatedOnToolsVersion = 26.5;
						TestTargetID = 3FD46DA62FC032EC00852A93;
					};
				};
			};
			buildConfigurationList = 3FD46DA22FC032EC00852A93 /* Build configuration list for PBXProject "NusaLens" */;
			developmentRegion = en;
			hasScannedForEncodings = 0;
			knownRegions = (
				en,
				Base,
			);
			mainGroup = 3FD46D9E2FC032EC00852A93;
			minimizedProjectReferenceProxies = 1;
			packageReferences = (
				B708A386337CC20AE29D7FBF /* XCRemoteSwiftPackageReference "firebase-ios-sdk" */,
			);
			preferredProjectObjectVersion = 77;
			productRefGroup = 3FD46DA82FC032EC00852A93 /* Products */;
			projectDirPath = "";
			projectRoot = "";
			targets = (
				3FD46DA62FC032EC00852A93 /* NusaLens */,
				3FD46DB32FC032EE00852A93 /* NusaLensTests */,
				3FD46DBD2FC032EE00852A93 /* NusaLensUITests */,
				87E3DC505FEA51D1668D3B2B /* NusaLensWatch */,
			);
		};
/* End PBXProject section */

/* Begin PBXResourcesBuildPhase section */
		3FD46DA52FC032EC00852A93 /* Resources */ = {
			isa = PBXResourcesBuildPhase;
			buildActionMask = 2147483647;
			files = (
			);
			runOnlyForDeploymentPostprocessing = 0;
		};
		3FD46DB22FC032EE00852A93 /* Resources */ = {
			isa = PBXResourcesBuildPhase;
			buildActionMask = 2147483647;
			files = (
			);
			runOnlyForDeploymentPostprocessing = 0;
		};
		3FD46DBC2FC032EE00852A93 /* Resources */ = {
			isa = PBXResourcesBuildPhase;
			buildActionMask = 2147483647;
			files = (
			);
			runOnlyForDeploymentPostprocessing = 0;
		};
		96E7E91A904190937F4241A8 /* Resources */ = {
			isa = PBXResourcesBuildPhase;
			buildActionMask = 2147483647;
			files = (
			);
			runOnlyForDeploymentPostprocessing = 0;
		};
/* End PBXResourcesBuildPhase section */

/* Begin PBXSourcesBuildPhase section */
		34AA50B92FBB846719613C57 /* Sources */ = {
			isa = PBXSourcesBuildPhase;
			buildActionMask = 2147483647;
			files = (
				695AC97435B215F48B32F9E6 /* NusaLensWatchApp.swift in Sources */,
				FC43C0854C7470D62FB06B87 /* WatchDailyTriviaView.swift in Sources */,
				B28B2936048E89D72943523F /* Budaya.swift in Sources */,
				C54AAAFF71A1DED40198E828 /* Trivia.swift in Sources */,
				F0A036E38191749FB0C1CF7B /* CultureService.swift in Sources */,
				D212D12F22D9E428F4624C73 /* TriviaService.swift in Sources */,
							1A111A112222333344445556 /* Museum.swift in Sources */,
				2B222B222222333344445556 /* ProvinceLocation.swift in Sources */,
			);
			runOnlyForDeploymentPostprocessing = 0;
		};
		3FD46DA32FC032EC00852A93 /* Sources */ = {
			isa = PBXSourcesBuildPhase;
			buildActionMask = 2147483647;
			files = (
			);
			runOnlyForDeploymentPostprocessing = 0;
		};
		3FD46DB02FC032EE00852A93 /* Sources */ = {
			isa = PBXSourcesBuildPhase;
			buildActionMask = 2147483647;
			files = (
			);
			runOnlyForDeploymentPostprocessing = 0;
		};
		3FD46DBA2FC032EE00852A93 /* Sources */ = {
			isa = PBXSourcesBuildPhase;
			buildActionMask = 2147483647;
			files = (
			);
			runOnlyForDeploymentPostprocessing = 0;
		};
/* End PBXSourcesBuildPhase section */

/* Begin PBXTargetDependency section */
		3FD46DB62FC032EE00852A93 /* PBXTargetDependency */ = {
			isa = PBXTargetDependency;
			target = 3FD46DA62FC032EC00852A93 /* NusaLens */;
			targetProxy = 3FD46DB52FC032EE00852A93 /* PBXContainerItemProxy */;
		};
		3FD46DC02FC032EE00852A93 /* PBXTargetDependency */ = {
			isa = PBXTargetDependency;
			target = 3FD46DA62FC032EC00852A93 /* NusaLens */;
			targetProxy = 3FD46DBF2FC032EE00852A93 /* PBXContainerItemProxy */;
		};
/* End PBXTargetDependency section */

/* Begin XCBuildConfiguration section */
		3FD46DC62FC032EE00852A93 /* Debug */ = {
			isa = XCBuildConfiguration;
			buildSettings = {
				ALWAYS_SEARCH_USER_PATHS = NO;
				ASSETCATALOG_COMPILER_GENERATE_SWIFT_ASSET_SYMBOL_EXTENSIONS = YES;
				CLANG_ANALYZER_NONNULL = YES;
				CLANG_ANALYZER_NUMBER_OBJECT_CONVERSION = YES_AGGRESSIVE;
				CLANG_CXX_LANGUAGE_STANDARD = "gnu++20";
				CLANG_ENABLE_MODULES = YES;
				CLANG_ENABLE_OBJC_ARC = YES;
				CLANG_ENABLE_OBJC_WEAK = YES;
				CLANG_WARN_BLOCK_CAPTURE_AUTORELEASING = YES;
				CLANG_WARN_BOOL_CONVERSION = YES;
				CLANG_WARN_COMMA = YES;
				CLANG_WARN_CONSTANT_CONVERSION = YES;
				CLANG_WARN_DEPRECATED_OBJC_IMPLEMENTATIONS = YES;
				CLANG_WARN_DIRECT_OBJC_ISA_USAGE = YES_ERROR;
				CLANG_WARN_DOCUMENTATION_COMMENTS = YES;
				CLANG_WARN_EMPTY_BODY = YES;
				CLANG_WARN_ENUM_CONVERSION = YES;
				CLANG_WARN_INFINITE_RECURSION = YES;
				CLANG_WARN_INT_CONVERSION = YES;
				CLANG_WARN_NON_LITERAL_NULL_CONVERSION = YES;
				CLANG_WARN_OBJC_IMPLICIT_RETAIN_SELF = YES;
				CLANG_WARN_OBJC_LITERAL_CONVERSION = YES;
				CLANG_WARN_OBJC_ROOT_CLASS = YES_ERROR;
				CLANG_WARN_QUOTED_INCLUDE_IN_FRAMEWORK_HEADER = YES;
				CLANG_WARN_RANGE_LOOP_ANALYSIS = YES;
				CLANG_WARN_STRICT_PROTOTYPES = YES;
				CLANG_WARN_SUSPICIOUS_MOVE = YES;
				CLANG_WARN_UNGUARDED_AVAILABILITY = YES_AGGRESSIVE;
				CLANG_WARN_UNREACHABLE_CODE = YES;
				CLANG_WARN__DUPLICATE_METHOD_MATCH = YES;
				COPY_PHASE_STRIP = NO;
				DEBUG_INFORMATION_FORMAT = dwarf;
				ENABLE_STRICT_OBJC_MSGSEND = YES;
				ENABLE_TESTABILITY = YES;
				ENABLE_USER_SCRIPT_SANDBOXING = YES;
				GCC_C_LANGUAGE_STANDARD = gnu17;
				GCC_DYNAMIC_NO_PIC = NO;
				GCC_NO_COMMON_BLOCKS = YES;
				GCC_OPTIMIZATION_LEVEL = 0;
				GCC_PREPROCESSOR_DEFINITIONS = (
					"DEBUG=1",
					"$(inherited)",
				);
				GCC_WARN_64_TO_32_BIT_CONVERSION = YES;
				GCC_WARN_ABOUT_RETURN_TYPE = YES_ERROR;
				GCC_WARN_UNDECLARED_SELECTOR = YES;
				GCC_WARN_UNINITIALIZED_AUTOS = YES_AGGRESSIVE;
				GCC_WARN_UNUSED_FUNCTION = YES;
				GCC_WARN_UNUSED_VARIABLE = YES;
				IPHONEOS_DEPLOYMENT_TARGET = 26.5;
				LOCALIZATION_PREFERS_STRING_CATALOGS = YES;
				MTL_ENABLE_DEBUG_INFO = INCLUDE_SOURCE;
				MTL_FAST_MATH = YES;
				ONLY_ACTIVE_ARCH = YES;
				SDKROOT = iphoneos;
				SWIFT_ACTIVE_COMPILATION_CONDITIONS = "DEBUG $(inherited)";
				SWIFT_OPTIMIZATION_LEVEL = "-Onone";
			};
			name = Debug;
		};
		3FD46DC72FC032EE00852A93 /* Release */ = {
			isa = XCBuildConfiguration;
			buildSettings = {
				ALWAYS_SEARCH_USER_PATHS = NO;
				ASSETCATALOG_COMPILER_GENERATE_SWIFT_ASSET_SYMBOL_EXTENSIONS = YES;
				CLANG_ANALYZER_NONNULL = YES;
				CLANG_ANALYZER_NUMBER_OBJECT_CONVERSION = YES_AGGRESSIVE;
				CLANG_CXX_LANGUAGE_STANDARD = "gnu++20";
				CLANG_ENABLE_MODULES = YES;
				CLANG_ENABLE_OBJC_ARC = YES;
				CLANG_ENABLE_OBJC_WEAK = YES;
				CLANG_WARN_BLOCK_CAPTURE_AUTORELEASING = YES;
				CLANG_WARN_BOOL_CONVERSION = YES;
				CLANG_WARN_COMMA = YES;
				CLANG_WARN_CONSTANT_CONVERSION = YES;
				CLANG_WARN_DEPRECATED_OBJC_IMPLEMENTATIONS = YES;
				CLANG_WARN_DIRECT_OBJC_ISA_USAGE = YES_ERROR;
				CLANG_WARN_DOCUMENTATION_COMMENTS = YES;
				CLANG_WARN_EMPTY_BODY = YES;
				CLANG_WARN_ENUM_CONVERSION = YES;
				CLANG_WARN_INFINITE_RECURSION = YES;
				CLANG_WARN_INT_CONVERSION = YES;
				CLANG_WARN_NON_LITERAL_NULL_CONVERSION = YES;
				CLANG_WARN_OBJC_IMPLICIT_RETAIN_SELF = YES;
				CLANG_WARN_OBJC_LITERAL_CONVERSION = YES;
				CLANG_WARN_OBJC_ROOT_CLASS = YES_ERROR;
				CLANG_WARN_QUOTED_INCLUDE_IN_FRAMEWORK_HEADER = YES;
				CLANG_WARN_RANGE_LOOP_ANALYSIS = YES;
				CLANG_WARN_STRICT_PROTOTYPES = YES;
				CLANG_WARN_SUSPICIOUS_MOVE = YES;
				CLANG_WARN_UNGUARDED_AVAILABILITY = YES_AGGRESSIVE;
				CLANG_WARN_UNREACHABLE_CODE = YES;
				CLANG_WARN__DUPLICATE_METHOD_MATCH = YES;
				COPY_PHASE_STRIP = NO;
				DEBUG_INFORMATION_FORMAT = "dwarf-with-dsym";
				ENABLE_NS_ASSERTIONS = NO;
				ENABLE_STRICT_OBJC_MSGSEND = YES;
				ENABLE_USER_SCRIPT_SANDBOXING = YES;
				GCC_C_LANGUAGE_STANDARD = gnu17;
				GCC_NO_COMMON_BLOCKS = YES;
				GCC_WARN_64_TO_32_BIT_CONVERSION = YES;
				GCC_WARN_ABOUT_RETURN_TYPE = YES_ERROR;
				GCC_WARN_UNDECLARED_SELECTOR = YES;
				GCC_WARN_UNINITIALIZED_AUTOS = YES_AGGRESSIVE;
				GCC_WARN_UNUSED_FUNCTION = YES;
				GCC_WARN_UNUSED_VARIABLE = YES;
				IPHONEOS_DEPLOYMENT_TARGET = 26.5;
				LOCALIZATION_PREFERS_STRING_CATALOGS = YES;
				MTL_ENABLE_DEBUG_INFO = NO;
				MTL_FAST_MATH = YES;
				SDKROOT = iphoneos;
				SWIFT_COMPILATION_MODE = wholemodule;
				VALIDATE_PRODUCT = YES;
			};
			name = Release;
		};
		3FD46DC92FC032EE00852A93 /* Debug */ = {
			isa = XCBuildConfiguration;
			buildSettings = {
				ASSETCATALOG_COMPILER_APPICON_NAME = AppIcon;
				ASSETCATALOG_COMPILER_GLOBAL_ACCENT_COLOR_NAME = AccentColor;
				CODE_SIGN_STYLE = Automatic;
				CURRENT_PROJECT_VERSION = 1;
				ENABLE_PREVIEWS = YES;
				GENERATE_INFOPLIST_FILE = YES;
				INFOPLIST_KEY_UIApplicationSceneManifest_Generation = YES;
				INFOPLIST_KEY_UIApplicationSupportsIndirectInputEvents = YES;
				INFOPLIST_KEY_UILaunchScreen_Generation = YES;
				INFOPLIST_KEY_UISupportedInterfaceOrientations_iPad = "UIInterfaceOrientationPortrait UIInterfaceOrientationPortraitUpsideDown UIInterfaceOrientationLandscapeLeft UIInterfaceOrientationLandscapeRight";
				INFOPLIST_KEY_UISupportedInterfaceOrientations_iPhone = "UIInterfaceOrientationPortrait UIInterfaceOrientationLandscapeLeft UIInterfaceOrientationLandscapeRight";
				LD_RUNPATH_SEARCH_PATHS = (
					"$(inherited)",
					"@executable_path/Frameworks",
				);
				MARKETING_VERSION = 1.0;
				OTHER_LDFLAGS = "-ObjC";
				PRODUCT_BUNDLE_IDENTIFIER = Yuriel.NusaLens;
				PRODUCT_NAME = "$(TARGET_NAME)";
				STRING_CATALOG_GENERATE_SYMBOLS = YES;
				SWIFT_APPROACHABLE_CONCURRENCY = YES;
				SWIFT_DEFAULT_ACTOR_ISOLATION = MainActor;
				SWIFT_EMIT_LOC_STRINGS = YES;
				SWIFT_UPCOMING_FEATURE_MEMBER_IMPORT_VISIBILITY = YES;
				SWIFT_VERSION = 5.0;
				TARGETED_DEVICE_FAMILY = "1,2";
			};
			name = Debug;
		};
		3FD46DCA2FC032EE00852A93 /* Release */ = {
			isa = XCBuildConfiguration;
			buildSettings = {
				ASSETCATALOG_COMPILER_APPICON_NAME = AppIcon;
				ASSETCATALOG_COMPILER_GLOBAL_ACCENT_COLOR_NAME = AccentColor;
				CODE_SIGN_STYLE = Automatic;
				CURRENT_PROJECT_VERSION = 1;
				ENABLE_PREVIEWS = YES;
				GENERATE_INFOPLIST_FILE = YES;
				INFOPLIST_KEY_UIApplicationSceneManifest_Generation = YES;
				INFOPLIST_KEY_UIApplicationSupportsIndirectInputEvents = YES;
				INFOPLIST_KEY_UILaunchScreen_Generation = YES;
				INFOPLIST_KEY_UISupportedInterfaceOrientations_iPad = "UIInterfaceOrientationPortrait UIInterfaceOrientationPortraitUpsideDown UIInterfaceOrientationLandscapeLeft UIInterfaceOrientationLandscapeRight";
				INFOPLIST_KEY_UISupportedInterfaceOrientations_iPhone = "UIInterfaceOrientationPortrait UIInterfaceOrientationLandscapeLeft UIInterfaceOrientationLandscapeRight";
				LD_RUNPATH_SEARCH_PATHS = (
					"$(inherited)",
					"@executable_path/Frameworks",
				);
				MARKETING_VERSION = 1.0;
				OTHER_LDFLAGS = "-ObjC";
				PRODUCT_BUNDLE_IDENTIFIER = Yuriel.NusaLens;
				PRODUCT_NAME = "$(TARGET_NAME)";
				STRING_CATALOG_GENERATE_SYMBOLS = YES;
				SWIFT_APPROACHABLE_CONCURRENCY = YES;
				SWIFT_DEFAULT_ACTOR_ISOLATION = MainActor;
				SWIFT_EMIT_LOC_STRINGS = YES;
				SWIFT_UPCOMING_FEATURE_MEMBER_IMPORT_VISIBILITY = YES;
				SWIFT_VERSION = 5.0;
				TARGETED_DEVICE_FAMILY = "1,2";
			};
			name = Release;
		};
		3FD46DCC2FC032EE00852A93 /* Debug */ = {
			isa = XCBuildConfiguration;
			buildSettings = {
				BUNDLE_LOADER = "$(TEST_HOST)";
				CODE_SIGN_STYLE = Automatic;
				CURRENT_PROJECT_VERSION = 1;
				GENERATE_INFOPLIST_FILE = YES;
				IPHONEOS_DEPLOYMENT_TARGET = 26.5;
				MARKETING_VERSION = 1.0;
				PRODUCT_BUNDLE_IDENTIFIER = Yuriel.NusaLensTests;
				PRODUCT_NAME = "$(TARGET_NAME)";
				STRING_CATALOG_GENERATE_SYMBOLS = NO;
				SWIFT_APPROACHABLE_CONCURRENCY = YES;
				SWIFT_EMIT_LOC_STRINGS = NO;
				SWIFT_UPCOMING_FEATURE_MEMBER_IMPORT_VISIBILITY = YES;
				SWIFT_VERSION = 5.0;
				TARGETED_DEVICE_FAMILY = "1,2";
				TEST_HOST = "$(BUILT_PRODUCTS_DIR)/NusaLens.app/$(BUNDLE_EXECUTABLE_FOLDER_PATH)/NusaLens";
			};
			name = Debug;
		};
		3FD46DCD2FC032EE00852A93 /* Release */ = {
			isa = XCBuildConfiguration;
			buildSettings = {
				BUNDLE_LOADER = "$(TEST_HOST)";
				CODE_SIGN_STYLE = Automatic;
				CURRENT_PROJECT_VERSION = 1;
				GENERATE_INFOPLIST_FILE = YES;
				IPHONEOS_DEPLOYMENT_TARGET = 26.5;
				MARKETING_VERSION = 1.0;
				PRODUCT_BUNDLE_IDENTIFIER = Yuriel.NusaLensTests;
				PRODUCT_NAME = "$(TARGET_NAME)";
				STRING_CATALOG_GENERATE_SYMBOLS = NO;
				SWIFT_APPROACHABLE_CONCURRENCY = YES;
				SWIFT_EMIT_LOC_STRINGS = NO;
				SWIFT_UPCOMING_FEATURE_MEMBER_IMPORT_VISIBILITY = YES;
				SWIFT_VERSION = 5.0;
				TARGETED_DEVICE_FAMILY = "1,2";
				TEST_HOST = "$(BUILT_PRODUCTS_DIR)/NusaLens.app/$(BUNDLE_EXECUTABLE_FOLDER_PATH)/NusaLens";
			};
			name = Release;
		};
		3FD46DCF2FC032EE00852A93 /* Debug */ = {
			isa = XCBuildConfiguration;
			buildSettings = {
				CODE_SIGN_STYLE = Automatic;
				CURRENT_PROJECT_VERSION = 1;
				GENERATE_INFOPLIST_FILE = YES;
				MARKETING_VERSION = 1.0;
				OTHER_LDFLAGS = "-ObjC";
				PRODUCT_BUNDLE_IDENTIFIER = Yuriel.NusaLensUITests;
				PRODUCT_NAME = "$(TARGET_NAME)";
				STRING_CATALOG_GENERATE_SYMBOLS = NO;
				SWIFT_APPROACHABLE_CONCURRENCY = YES;
				SWIFT_EMIT_LOC_STRINGS = NO;
				SWIFT_UPCOMING_FEATURE_MEMBER_IMPORT_VISIBILITY = YES;
				SWIFT_VERSION = 5.0;
				TARGETED_DEVICE_FAMILY = "1,2";
				TEST_TARGET_NAME = NusaLens;
			};
			name = Debug;
		};
		3FD46DD02FC032EE00852A93 /* Release */ = {
			isa = XCBuildConfiguration;
			buildSettings = {
				CODE_SIGN_STYLE = Automatic;
				CURRENT_PROJECT_VERSION = 1;
				GENERATE_INFOPLIST_FILE = YES;
				MARKETING_VERSION = 1.0;
				OTHER_LDFLAGS = "-ObjC";
				PRODUCT_BUNDLE_IDENTIFIER = Yuriel.NusaLensUITests;
				PRODUCT_NAME = "$(TARGET_NAME)";
				STRING_CATALOG_GENERATE_SYMBOLS = NO;
				SWIFT_APPROACHABLE_CONCURRENCY = YES;
				SWIFT_EMIT_LOC_STRINGS = NO;
				SWIFT_UPCOMING_FEATURE_MEMBER_IMPORT_VISIBILITY = YES;
				SWIFT_VERSION = 5.0;
				TARGETED_DEVICE_FAMILY = "1,2";
				TEST_TARGET_NAME = NusaLens;
			};
			name = Release;
		};
		6DBCC77D75E0FBF6A2E34A75 /* Debug */ = {
			isa = XCBuildConfiguration;
			buildSettings = {
				ASSETCATALOG_COMPILER_APPICON_NAME = AppIcon;
				ASSETCATALOG_COMPILER_GLOBAL_ACCENT_COLOR_NAME = AccentColor;
				GENERATE_INFOPLIST_FILE = YES;
				INFOPLIST_KEY_UIApplicationSceneManifest_Generation = YES;
				INFOPLIST_KEY_UILaunchScreen_Generation = YES;
				INFOPLIST_KEY_WKCompanionAppBundleIdentifier = Yuriel.NusaLens;
				PRODUCT_BUNDLE_IDENTIFIER = Yuriel.NusaLens.watchkitapp;
				PRODUCT_NAME = NusaLensWatch;
				SDKROOT = watchos;
				SKIP_INSTALL = YES;
				SWIFT_VERSION = 5.0;
				TARGETED_DEVICE_FAMILY = 4;
				WATCHOS_DEPLOYMENT_TARGET = 10.0;
			};
			name = Debug;
		};
		A5B9F1C30214AC31FC70A03A /* Release */ = {
			isa = XCBuildConfiguration;
			buildSettings = {
				ASSETCATALOG_COMPILER_APPICON_NAME = AppIcon;
				ASSETCATALOG_COMPILER_GLOBAL_ACCENT_COLOR_NAME = AccentColor;
				GENERATE_INFOPLIST_FILE = YES;
				INFOPLIST_KEY_UIApplicationSceneManifest_Generation = YES;
				INFOPLIST_KEY_UILaunchScreen_Generation = YES;
				INFOPLIST_KEY_WKCompanionAppBundleIdentifier = Yuriel.NusaLens;
				PRODUCT_BUNDLE_IDENTIFIER = Yuriel.NusaLens.watchkitapp;
				PRODUCT_NAME = NusaLensWatch;
				SDKROOT = watchos;
				SKIP_INSTALL = YES;
				SWIFT_VERSION = 5.0;
				TARGETED_DEVICE_FAMILY = 4;
				VALIDATE_PRODUCT = YES;
				WATCHOS_DEPLOYMENT_TARGET = 10.0;
			};
			name = Release;
		};
/* End XCBuildConfiguration section */

/* Begin XCConfigurationList section */
		2323B291EF67EDB8D147E28D /* Build configuration list for PBXNativeTarget "NusaLensWatch" */ = {
			isa = XCConfigurationList;
			buildConfigurations = (
				A5B9F1C30214AC31FC70A03A /* Release */,
				6DBCC77D75E0FBF6A2E34A75 /* Debug */,
			);
			defaultConfigurationIsVisible = 0;
			defaultConfigurationName = Release;
		};
		3FD46DA22FC032EC00852A93 /* Build configuration list for PBXProject "NusaLens" */ = {
			isa = XCConfigurationList;
			buildConfigurations = (
				3FD46DC62FC032EE00852A93 /* Debug */,
				3FD46DC72FC032EE00852A93 /* Release */,
			);
			defaultConfigurationIsVisible = 0;
			defaultConfigurationName = Release;
		};
		3FD46DC82FC032EE00852A93 /* Build configuration list for PBXNativeTarget "NusaLens" */ = {
			isa = XCConfigurationList;
			buildConfigurations = (
				3FD46DC92FC032EE00852A93 /* Debug */,
				3FD46DCA2FC032EE00852A93 /* Release */,
			);
			defaultConfigurationIsVisible = 0;
			defaultConfigurationName = Release;
		};
		3FD46DCB2FC032EE00852A93 /* Build configuration list for PBXNativeTarget "NusaLensTests" */ = {
			isa = XCConfigurationList;
			buildConfigurations = (
				3FD46DCC2FC032EE00852A93 /* Debug */,
				3FD46DCD2FC032EE00852A93 /* Release */,
			);
			defaultConfigurationIsVisible = 0;
			defaultConfigurationName = Release;
		};
		3FD46DCE2FC032EE00852A93 /* Build configuration list for PBXNativeTarget "NusaLensUITests" */ = {
			isa = XCConfigurationList;
			buildConfigurations = (
				3FD46DCF2FC032EE00852A93 /* Debug */,
				3FD46DD02FC032EE00852A93 /* Release */,
			);
			defaultConfigurationIsVisible = 0;
			defaultConfigurationName = Release;
		};
/* End XCConfigurationList section */

/* Begin XCRemoteSwiftPackageReference section */
		B708A386337CC20AE29D7FBF /* XCRemoteSwiftPackageReference "firebase-ios-sdk" */ = {
			isa = XCRemoteSwiftPackageReference;
			repositoryURL = "https://github.com/firebase/firebase-ios-sdk";
			requirement = {
				kind = upToNextMajorVersion;
				minimumVersion = 11.0.0;
			};
		};
/* End XCRemoteSwiftPackageReference section */

/* Begin XCSwiftPackageProductDependency section */
		0AD116E2643E8D09C27A0F56 /* FirebaseAuth */ = {
			isa = XCSwiftPackageProductDependency;
			package = B708A386337CC20AE29D7FBF /* XCRemoteSwiftPackageReference "firebase-ios-sdk" */;
			productName = FirebaseAuth;
		};
		1A54F3533F477F2CD4734DEC /* FirebaseFirestore */ = {
			isa = XCSwiftPackageProductDependency;
			package = B708A386337CC20AE29D7FBF /* XCRemoteSwiftPackageReference "firebase-ios-sdk" */;
			productName = FirebaseFirestore;
		};
		359EF3D20636042F3533ABE3 /* FirebaseCore */ = {
			isa = XCSwiftPackageProductDependency;
			package = B708A386337CC20AE29D7FBF /* XCRemoteSwiftPackageReference "firebase-ios-sdk" */;
			productName = FirebaseCore;
		};
		60C52A44DF659888E7D48AF8 /* FirebaseFirestore */ = {
			isa = XCSwiftPackageProductDependency;
			package = B708A386337CC20AE29D7FBF /* XCRemoteSwiftPackageReference "firebase-ios-sdk" */;
			productName = FirebaseFirestore;
		};
		7C32204C59D302D76303CCEE /* FirebaseStorage */ = {
			isa = XCSwiftPackageProductDependency;
			package = B708A386337CC20AE29D7FBF /* XCRemoteSwiftPackageReference "firebase-ios-sdk" */;
			productName = FirebaseStorage;
		};
		833B5DC878BDA6904D2EEE7F /* FirebaseStorage */ = {
			isa = XCSwiftPackageProductDependency;
			package = B708A386337CC20AE29D7FBF /* XCRemoteSwiftPackageReference "firebase-ios-sdk" */;
			productName = FirebaseStorage;
		};
		B33C0216E073CFB26E93D0AE /* FirebaseCore */ = {
			isa = XCSwiftPackageProductDependency;
			package = B708A386337CC20AE29D7FBF /* XCRemoteSwiftPackageReference "firebase-ios-sdk" */;
			productName = FirebaseCore;
		};
		B67D43C6529D433438B3242C /* FirebaseAuth */ = {
			isa = XCSwiftPackageProductDependency;
			package = B708A386337CC20AE29D7FBF /* XCRemoteSwiftPackageReference "firebase-ios-sdk" */;
			productName = FirebaseAuth;
		};
/* End XCSwiftPackageProductDependency section */
	};
	rootObject = 3FD46D9F2FC032EC00852A93 /* Project object */;
}
